
Microsoft Visual Studio Solution File, Format Version 12.00
Project("{F2A71F9B-5D33-465A-A702-920D77279786}") = "ProjectEuler", "ProjectEuler\ProjectEuler.fsproj", "{A7930773-9483-4641-A50B-84EDA65E44A0}"
EndProject
Project("{F2A71F9B-5D33-465A-A702-920D77279786}") = "ProjectEuler.Tests", "ProjectEuler.Tests\ProjectEuler.Tests.fsproj", "{ACA3BA7B-FD2A-4959-B267-55ACC489FEC6}"
EndProject
Global
	GlobalSection(SolutionConfigurationPlatforms) = preSolution
		Debug|Any CPU = Debug|Any CPU
		Release|Any CPU = Release|Any CPU
	EndGlobalSection
	GlobalSection(ProjectConfigurationPlatforms) = postSolution
		{A7930773-9483-4641-A50B-84EDA65E44A0}.Debug|Any CPU.ActiveCfg = Debug|Any CPU
		{A7930773-9483-4641-A50B-84EDA65E44A0}.Debug|Any CPU.Build.0 = Debug|Any CPU
		{A7930773-9483-4641-A50B-84EDA65E44A0}.Release|Any CPU.ActiveCfg = Release|Any CPU
		{A7930773-9483-4641-A50B-84EDA65E44A0}.Release|Any CPU.Build.0 = Release|Any CPU
		{ACA3BA7B-FD2A-4959-B267-55ACC489FEC6}.Debug|Any CPU.ActiveCfg = Debug|Any CPU
		{ACA3BA7B-FD2A-4959-B267-55ACC489FEC6}.Debug|Any CPU.Build.0 = Debug|Any CPU
		{ACA3BA7B-FD2A-4959-B267-55ACC489FEC6}.Release|Any CPU.ActiveCfg = Release|Any CPU
		{ACA3BA7B-FD2A-4959-B267-55ACC489FEC6}.Release|Any CPU.Build.0 = Release|Any CPU
	EndGlobalSection
EndGlobal
